hash: a99d4c82a15b99779c442e6609dcb34becfec65f3f0c1a21a5b0169f6eac26fc
updated: 2018-12-05T13:24:31.323547529+05:30
imports:
- name: github.com/armon/go-radix
  version: 1a2de0c21c94309923825da3df33a4381872c795
- name: github.com/btcsuite/btcd
  version: 67e573d211ace594f1366b4ce9d39726c4b19bd0
  subpackages:
  - btcec
  - chaincfg
  - chaincfg/chainhash
  - txscript
  - wire
- name: github.com/btcsuite/btclog
  version: 84c8d2346e9fc8c7b947e243b9c24e6df9fd206a
- name: github.com/btcsuite/btcutil
  version: ab6388e0c60ae4834a1f57511e20c17b5f78be4b
  subpackages:
  - base58
  - bech32
  - hdkeychain
- name: github.com/ethereum/go-ethereum
  version: 37685930d953bcbe023f9bc65b135a8d8b8f1488
  subpackages:
  - common
  - common/hexutil
  - common/math
  - core/types
  - crypto
  - crypto/secp256k1
  - crypto/sha3
  - ethdb
  - log
  - metrics
  - params
  - rlp
  - trie
- name: github.com/fatih/structs
  version: 878a968ab22548362a09bdb3322f98b00f470d46
- name: github.com/go-stack/stack
  version: 2fee6af1a9795aafbe0253a0cfbdf668e1fb8a9a
- name: github.com/golang/protobuf
  version: 882cf97a83ad205fd22af574246a3bc647d7a7d2
  subpackages:
  - proto
  - ptypes
  - ptypes/any
  - ptypes/duration
  - ptypes/timestamp
- name: github.com/golang/snappy
  version: 2e65f85255dbc3072edf28d6b5b8efc472979f5a
- name: github.com/hashicorp/errwrap
  version: 8a6fb523712970c966eefc6b39ed2c5e74880354
- name: github.com/hashicorp/go-cleanhttp
  version: e8ab9daed8d1ddd2d3c4efba338fe2eeae2e4f18
- name: github.com/hashicorp/go-hclog
  version: 61d530d6c27f994fb6c83b80f99a69c54125ec8a
- name: github.com/hashicorp/go-multierror
  version: 886a7fbe3eb1c874d46f623bfa70af45f425b3d1
- name: github.com/hashicorp/go-plugin
  version: 54b6ff97d8180dbbd93d2010dd4a92c86f604bb8
- name: github.com/hashicorp/go-rootcerts
  version: 6bb64b370b90e7ef1fa532be9e591a81c3493e00
- name: github.com/hashicorp/go-uuid
  version: de160f5c59f693fed329e73e291bb751fe4ea4dc
- name: github.com/hashicorp/go-version
  version: b5a281d3160aa11950a6182bd9a9dc2cb1e02d50
- name: github.com/hashicorp/golang-lru
  version: 20f1fb78b0740ba8c3cb143a61e86ba5c8669768
  subpackages:
  - simplelru
- name: github.com/hashicorp/hcl
  version: 65a6292f0157eff210d03ed1bf6c59b190b8b906
  subpackages:
  - hcl/ast
  - hcl/parser
  - hcl/scanner
  - hcl/strconv
  - hcl/token
  - json/parser
  - json/scanner
  - json/token
- name: github.com/hashicorp/vault
  version: 36edb4d42380d89a897e7f633046423240b710d9
  subpackages:
  - api
  - helper/certutil
  - helper/compressutil
  - helper/consts
  - helper/errutil
  - helper/jsonutil
  - helper/locksutil
  - helper/logbridge
  - helper/logformat
  - helper/mlock
  - helper/parseutil
  - helper/pluginutil
  - helper/salt
  - helper/strutil
  - helper/wrapping
  - logical
  - logical/framework
  - logical/plugin
  - logical/plugin/pb
  - physical
  - physical/inmem
  - version
- name: github.com/hashicorp/yamux
  version: 2f1d1f20f75d5404f53b9edf6b53ed5505508675
- name: github.com/lestrrat-go/jwx
  version: 0d477e6a1f0ec69634840308e3873fe71d928dd0
  subpackages:
  - jwa
  - jwk
  - jws
- name: github.com/mattn/go-colorable
  version: efa589957cd060542a26d2dd7832fd6a6c6c3ade
- name: github.com/mattn/go-isatty
  version: 3fb116b820352b7f0c281308a4d6250c22d94e27
- name: github.com/mgutz/ansi
  version: 9520e82c474b0a04dd04f8a40959027271bab992
- name: github.com/mgutz/logxi
  version: aebf8a7d67ab4625e0fd4a665766fef9a709161b
  subpackages:
  - v1
- name: github.com/mitchellh/go-homedir
  version: ae18d6b8b3205b561c79e8e5f69bff09736185f4
- name: github.com/mitchellh/go-testing-interface
  version: 6d0b8010fcc857872e42fc6c931227569016843c
- name: github.com/mitchellh/mapstructure
  version: 3536a929edddb9a5b34bd6861dc4a9647cb459fe
- name: github.com/oklog/run
  version: 6934b124db28979da51d3470dadfa34d73d72652
- name: github.com/pkg/errors
  version: 645ef00459ed84a119197bfb8d8205042c6df63d
- name: github.com/rs/xid
  version: 15d26544def341f036c5f8dca987a4cbe575032c
- name: github.com/ryanuber/go-glob
  version: 256dc444b735e061061cf46c809487313d5b0065
- name: github.com/SermoDigital/jose
  version: 803625baeddc3526d01d321b5066029f53eafc81
  subpackages:
  - crypto
  - jws
  - jwt
- name: github.com/sethgrid/pester
  version: 03e26c9abbbf5accb8349790bf9f41bde09d72c3
- name: github.com/syndtr/goleveldb
  version: f9080354173f192dfc8821931eacf9cfd6819253
  subpackages:
  - leveldb
  - leveldb/cache
  - leveldb/comparer
  - leveldb/errors
  - leveldb/filter
  - leveldb/iterator
  - leveldb/journal
  - leveldb/memdb
  - leveldb/opt
  - leveldb/storage
  - leveldb/table
  - leveldb/util
- name: github.com/tyler-smith/go-bip39
  version: 2af0a847066a4f2669040ccd44a79c8eca10806a
  subpackages:
  - wordlists
- name: golang.org/x/crypto
  version: 3d3f9f413869b949e48070b5bc593aa22cc2b8f2
  subpackages:
  - pbkdf2
  - ripemd160
- name: golang.org/x/net
  version: adae6a3d119ae4890b46832a2e88a95adc62b8e7
  subpackages:
  - context
  - http/httpguts
  - http2
  - http2/hpack
  - idna
  - internal/timeseries
  - trace
- name: golang.org/x/sys
  version: ec83556a53fe16b65c452a104ea9d1e86a671852
  subpackages:
  - unix
- name: golang.org/x/text
  version: 6f44c5a2ea40ee3593d98cdcc905cc1fdaa660e2
  subpackages:
  - secure/bidirule
  - transform
  - unicode/bidi
  - unicode/norm
- name: google.golang.org/genproto
  version: b5d43981345bdb2c233eb4bf3277847b48c6fdc6
  subpackages:
  - googleapis/rpc/status
- name: google.golang.org/grpc
  version: ef2b8e2f53fcd6654d12966394462f84e0f04066
  subpackages:
  - balancer
  - balancer/base
  - balancer/roundrobin
  - binarylog/grpc_binarylog_v1
  - codes
  - connectivity
  - credentials
  - credentials/internal
  - encoding
  - encoding/proto
  - grpclog
  - health
  - health/grpc_health_v1
  - internal
  - internal/backoff
  - internal/binarylog
  - internal/channelz
  - internal/envconfig
  - internal/grpcrand
  - internal/grpcsync
  - internal/syscall
  - internal/transport
  - keepalive
  - metadata
  - naming
  - peer
  - resolver
  - resolver/dns
  - resolver/passthrough
  - stats
  - status
  - tap
- name: gopkg.in/karalabe/cookiejar.v2
  version: 8dcd6a7f4951f6ff3ee9cbb919a06d8925822e57
  subpackages:
  - collections/prque
testImports: []
